
Microsoft Visual Studio Solution File, Format Version 12.00
# Visual Studio Version 16
VisualStudioVersion = 16.0.30621.155
MinimumVisualStudioVersion = 10.0.40219.1
Project("{9A19103F-16F7-4668-BE54-9A1E7A4F7556}") = "Scombroid.AspNetCore.HttpLogbook", "Scombroid.AspNetCore.HttpLogbook\Scombroid.AspNetCore.HttpLogbook.csproj", "{5C16211A-EDBE-4FFE-8545-B869FA70A5EB}"
EndProject
Project("{9A19103F-16F7-4668-BE54-9A1E7A4F7556}") = "Scombroid.AspNetCore.HttpLogbook.DemoApp", "Scombroid.AspNetCore.HttpLogbook.DemoApp\Scombroid.AspNetCore.HttpLogbook.DemoApp.csproj", "{013BCDF0-BBCC-4B2D-94A5-7140FB03A690}"
EndProject
Project("{2150E333-8FDC-42A3-9474-1A3956D46DE8}") = "Solution Items", "Solution Items", "{2D4ADD5C-5736-44F3-BC53-BBEC82215DE9}"
	ProjectSection(SolutionItems) = preProject
		README.md = README.md
	EndProjectSection
EndProject
Global
	GlobalSection(SolutionConfigurationPlatforms) = preSolution
		Debug|Any CPU = Debug|Any CPU
		Release|Any CPU = Release|Any CPU
	EndGlobalSection
	GlobalSection(ProjectConfigurationPlatforms) = postSolution
		{5C16211A-EDBE-4FFE-8545-B869FA70A5EB}.Debug|Any CPU.ActiveCfg = Debug|Any CPU
		{5C16211A-EDBE-4FFE-8545-B869FA70A5EB}.Debug|Any CPU.Build.0 = Debug|Any CPU
		{5C16211A-EDBE-4FFE-8545-B869FA70A5EB}.Release|Any CPU.ActiveCfg = Release|Any CPU
		{5C16211A-EDBE-4FFE-8545-B869FA70A5EB}.Release|Any CPU.Build.0 = Release|Any CPU
		{013BCDF0-BBCC-4B2D-94A5-7140FB03A690}.Debug|Any CPU.ActiveCfg = Debug|Any CPU
		{013BCDF0-BBCC-4B2D-94A5-7140FB03A690}.Debug|Any CPU.Build.0 = Debug|Any CPU
		{013BCDF0-BBCC-4B2D-94A5-7140FB03A690}.Release|Any CPU.ActiveCfg = Release|Any CPU
		{013BCDF0-BBCC-4B2D-94A5-7140FB03A690}.Release|Any CPU.Build.0 = Release|Any CPU
	EndGlobalSection
	GlobalSection(SolutionProperties) = preSolution
		HideSolutionNode = FALSE
	EndGlobalSection
	GlobalSection(ExtensibilityGlobals) = postSolution
		SolutionGuid = {35DB8A57-05EB-4A7D-A70F-11404EA9FB47}
	EndGlobalSection
EndGlobal
